
Microsoft Visual Studio Solution File, Format Version 12.00
# Visual Studio Version 16
VisualStudioVersion = 16.0.30611.23
MinimumVisualStudioVersion = 10.0.40219.1
Project("{FAE04EC0-301F-11D3-BF4B-00C04F79EFBC}") = "ActividadUT3_Layout_7", "ActividadUT3_Layout_7\ActividadUT3_Layout_7.csproj", "{2C20BE13-E5CE-455B-A35A-FA97C978FD84}"
EndProject
Global
	GlobalSection(SolutionConfigurationPlatforms) = preSolution
		Debug|Any CPU = Debug|Any CPU
		Release|Any CPU = Release|Any CPU
	EndGlobalSection
	GlobalSection(ProjectConfigurationPlatforms) = postSolution
		{2C20BE13-E5CE-455B-A35A-FA97C978FD84}.Debug|Any CPU.ActiveCfg = Debug|Any CPU
		{2C20BE13-E5CE-455B-A35A-FA97C978FD84}.Debug|Any CPU.Build.0 = Debug|Any CPU
		{2C20BE13-E5CE-455B-A35A-FA97C978FD84}.Release|Any CPU.ActiveCfg = Release|Any CPU
		{2C20BE13-E5CE-455B-A35A-FA97C978FD84}.Release|Any CPU.Build.0 = Release|Any CPU
	EndGlobalSection
	GlobalSection(SolutionProperties) = preSolution
		HideSolutionNode = FALSE
	EndGlobalSection
	GlobalSection(ExtensibilityGlobals) = postSolution
		SolutionGuid = {8F97BE36-585C-42C0-BC5C-C4BF41BA7C97}
	EndGlobalSection
EndGlobal
